
Microsoft Visual Studio Solution File, Format Version 12.00
# Visual Studio Version 16
VisualStudioVersion = 16.0.30503.244
MinimumVisualStudioVersion = 10.0.40219.1
Project("{FAE04EC0-301F-11D3-BF4B-00C04F79EFBC}") = "Initialization", "Map-Window\Initialization.csproj", "{8322AC5A-3318-468A-BCE3-984B0CAE0981}"
EndProject
Project("{9A19103F-16F7-4668-BE54-9A1E7A4F7556}") = "ModelGame", "Model Spiel\ModelGame.csproj", "{46244BA6-2431-4CD9-9F94-53456E642BF5}"
EndProject
Project("{9A19103F-16F7-4668-BE54-9A1E7A4F7556}") = "BasicElements", "BaseUnit\BasicElements.csproj", "{3CA50315-9BCC-49BB-8FEE-19C0C356A337}"
EndProject
Project("{FAE04EC0-301F-11D3-BF4B-00C04F79EFBC}") = "DTO_Models", "DTO_Models\DTO_Models.csproj", "{07D3288C-B789-4EED-BF17-31CED0D318A7}"
EndProject
Project("{2150E333-8FDC-42A3-9474-1A3956D46DE8}") = "02 Wpf-Windows", "02 Wpf-Windows", "{1356FA0F-BE79-42B0-B362-2EC945857BB4}"
EndProject
Project("{FAE04EC0-301F-11D3-BF4B-00C04F79EFBC}") = "FirstWindows", "FirstWindows\FirstWindows.csproj", "{B3B73AA1-B964-4B93-800F-8E13326C735B}"
EndProject
Project("{FAE04EC0-301F-11D3-BF4B-00C04F79EFBC}") = "WpfBasicElements", "WpfBasicElements\WpfBasicElements.csproj", "{CCB7A613-E834-4141-9215-EBD5BAB833C2}"
EndProject
Project("{2150E333-8FDC-42A3-9474-1A3956D46DE8}") = "01 InitializationAndBasics", "01 InitializationAndBasics", "{B768305B-C2AD-4D9F-BCF9-C5E4142A0347}"
EndProject
Project("{2150E333-8FDC-42A3-9474-1A3956D46DE8}") = "04 ModelGame", "04 ModelGame", "{0DAE0BBE-62A0-4901-8B23-6BF638E8E362}"
EndProject
Project("{2150E333-8FDC-42A3-9474-1A3956D46DE8}") = "05 Armies", "05 Armies", "{3C22F256-08A6-4B7C-A59B-AD342B30B198}"
EndProject
Project("{2150E333-8FDC-42A3-9474-1A3956D46DE8}") = "06 Translation and Sound", "06 Translation and Sound", "{E701AA9A-1468-401F-B00A-62D6D38EB521}"
EndProject
Project("{2150E333-8FDC-42A3-9474-1A3956D46DE8}") = "07 InternetCommunication", "07 InternetCommunication", "{45765DCF-8272-46B6-9C37-4E0AAA05F019}"
EndProject
Project("{2150E333-8FDC-42A3-9474-1A3956D46DE8}") = "08 WpfStyles", "08 WpfStyles", "{379E7163-8CFA-435F-AC54-E293FB9A5C51}"
EndProject
Project("{FAE04EC0-301F-11D3-BF4B-00C04F79EFBC}") = "Styles", "Styles\Styles.csproj", "{C96B70FE-7D30-4068-9356-9E26542BF3A6}"
EndProject
Project("{FAE04EC0-301F-11D3-BF4B-00C04F79EFBC}") = "Translation", "WpfTranslation\Translation.csproj", "{8E597A34-5370-4721-A2BA-B9ADAB73A15A}"
EndProject
Project("{FAE04EC0-301F-11D3-BF4B-00C04F79EFBC}") = "ArmyAndUnitTypes", "ArmyAndUnitTypes\ArmyAndUnitTypes.csproj", "{C36C1767-107D-4FC3-A8D3-9827B02EC068}"
EndProject
Project("{FAE04EC0-301F-11D3-BF4B-00C04F79EFBC}") = "Armies", "Armies\Armies.csproj", "{033921F5-DC89-403E-9FEF-F9FA53029A5C}"
EndProject
Project("{FAE04EC0-301F-11D3-BF4B-00C04F79EFBC}") = "Sound", "Sound\Sound.csproj", "{BD3840B1-B321-411B-81A9-5D823331D8BE}"
EndProject
Project("{FAE04EC0-301F-11D3-BF4B-00C04F79EFBC}") = "InternetCommunication", "InternetCommunication\InternetCommunication.csproj", "{4A1C11B8-0D58-4959-9539-0B3DC01894DE}"
EndProject
Project("{FAE04EC0-301F-11D3-BF4B-00C04F79EFBC}") = "ViewGame", "ViewGame\ViewGame.csproj", "{B9246EF3-ABD4-4843-9512-D30A1A1395CC}"
EndProject
Project("{FAE04EC0-301F-11D3-BF4B-00C04F79EFBC}") = "SaveLoad", "SaveLoad\SaveLoad.csproj", "{95F8492A-8829-436D-AE1F-A36D67B0F7D0}"
EndProject
Project("{2150E333-8FDC-42A3-9474-1A3956D46DE8}") = "09 Test", "09 Test", "{7784BF84-14A4-4803-A0EA-E13096CCA096}"
EndProject
Project("{FAE04EC0-301F-11D3-BF4B-00C04F79EFBC}") = "Test", "Test\Test.csproj", "{453C8A5E-0463-43DC-90C2-DD2FFE5D8188}"
EndProject
Project("{FAE04EC0-301F-11D3-BF4B-00C04F79EFBC}") = "OnlineGameChatAndStore", "OnlineGameChatAndStore\OnlineGameChatAndStore.csproj", "{053206F7-FDBA-4305-80D8-59C2A61430D5}"
EndProject
Project("{2150E333-8FDC-42A3-9474-1A3956D46DE8}") = "03 ViewModelGame", "03 ViewModelGame", "{6960E7C5-B170-4255-9590-A51B9B48E479}"
EndProject
Project("{FAE04EC0-301F-11D3-BF4B-00C04F79EFBC}") = "HotSeatViewModel", "HotSeatViewModel\HotSeatViewModel.csproj", "{9EB5311C-97DA-4A8F-8BA2-EE1033D2744F}"
EndProject
Project("{FAE04EC0-301F-11D3-BF4B-00C04F79EFBC}") = "OnlineGameViewModel", "OnlineGameViewModel\OnlineGameViewModel.csproj", "{5255719A-30CD-4896-9B11-C3F25AF3248C}"
EndProject
Project("{54435603-DBB4-11D2-8724-00A0C9A8B90C}") = "SetupInstaller", "SetupInstaller\SetupInstaller.vdproj", "{0F6562DF-FD9B-4253-A5C0-4855BF7EDA78}"
EndProject
Project("{FAE04EC0-301F-11D3-BF4B-00C04F79EFBC}") = "InstallerSecurityAction", "InstallerSecurityAction\InstallerSecurityAction.csproj", "{47BF40D8-9235-49C4-8549-D58831E1AE78}"
EndProject
Project("{2150E333-8FDC-42A3-9474-1A3956D46DE8}") = "10 installer", "10 installer", "{35603C3F-F1AF-407F-9A88-5ECD65AE82D3}"
EndProject
Global
	GlobalSection(SolutionConfigurationPlatforms) = preSolution
		Debug|Any CPU = Debug|Any CPU
		Debug|ARM = Debug|ARM
		Debug|ARM64 = Debug|ARM64
		Debug|x64 = Debug|x64
		Debug|x86 = Debug|x86
		Release|Any CPU = Release|Any CPU
		Release|ARM = Release|ARM
		Release|ARM64 = Release|ARM64
		Release|x64 = Release|x64
		Release|x86 = Release|x86
	EndGlobalSection
	GlobalSection(ProjectConfigurationPlatforms) = postSolution
		{8322AC5A-3318-468A-BCE3-984B0CAE0981}.Debug|Any CPU.ActiveCfg = Debug|Any CPU
		{8322AC5A-3318-468A-BCE3-984B0CAE0981}.Debug|Any CPU.Build.0 = Debug|Any CPU
		{8322AC5A-3318-468A-BCE3-984B0CAE0981}.Debug|ARM.ActiveCfg = Debug|Any CPU
		{8322AC5A-3318-468A-BCE3-984B0CAE0981}.Debug|ARM.Build.0 = Debug|Any CPU
		{8322AC5A-3318-468A-BCE3-984B0CAE0981}.Debug|ARM64.ActiveCfg = Debug|Any CPU
		{8322AC5A-3318-468A-BCE3-984B0CAE0981}.Debug|ARM64.Build.0 = Debug|Any CPU
		{8322AC5A-3318-468A-BCE3-984B0CAE0981}.Debug|x64.ActiveCfg = Debug|Any CPU
		{8322AC5A-3318-468A-BCE3-984B0CAE0981}.Debug|x64.Build.0 = Debug|Any CPU
		{8322AC5A-3318-468A-BCE3-984B0CAE0981}.Debug|x86.ActiveCfg = Debug|Any CPU
		{8322AC5A-3318-468A-BCE3-984B0CAE0981}.Debug|x86.Build.0 = Debug|Any CPU
		{8322AC5A-3318-468A-BCE3-984B0CAE0981}.Release|Any CPU.ActiveCfg = Release|Any CPU
		{8322AC5A-3318-468A-BCE3-984B0CAE0981}.Release|Any CPU.Build.0 = Release|Any CPU
		{8322AC5A-3318-468A-BCE3-984B0CAE0981}.Release|ARM.ActiveCfg = Release|Any CPU
		{8322AC5A-3318-468A-BCE3-984B0CAE0981}.Release|ARM.Build.0 = Release|Any CPU
		{8322AC5A-3318-468A-BCE3-984B0CAE0981}.Release|ARM64.ActiveCfg = Release|Any CPU
		{8322AC5A-3318-468A-BCE3-984B0CAE0981}.Release|ARM64.Build.0 = Release|Any CPU
		{8322AC5A-3318-468A-BCE3-984B0CAE0981}.Release|x64.ActiveCfg = Release|Any CPU
		{8322AC5A-3318-468A-BCE3-984B0CAE0981}.Release|x64.Build.0 = Release|Any CPU
		{8322AC5A-3318-468A-BCE3-984B0CAE0981}.Release|x86.ActiveCfg = Release|Any CPU
		{8322AC5A-3318-468A-BCE3-984B0CAE0981}.Release|x86.Build.0 = Release|Any CPU
		{46244BA6-2431-4CD9-9F94-53456E642BF5}.Debug|Any CPU.ActiveCfg = Debug|Any CPU
		{46244BA6-2431-4CD9-9F94-53456E642BF5}.Debug|Any CPU.Build.0 = Debug|Any CPU
		{46244BA6-2431-4CD9-9F94-53456E642BF5}.Debug|ARM.ActiveCfg = Debug|Any CPU
		{46244BA6-2431-4CD9-9F94-53456E642BF5}.Debug|ARM.Build.0 = Debug|Any CPU
		{46244BA6-2431-4CD9-9F94-53456E642BF5}.Debug|ARM64.ActiveCfg = Debug|Any CPU
		{46244BA6-2431-4CD9-9F94-53456E642BF5}.Debug|ARM64.Build.0 = Debug|Any CPU
		{46244BA6-2431-4CD9-9F94-53456E642BF5}.Debug|x64.ActiveCfg = Debug|Any CPU
		{46244BA6-2431-4CD9-9F94-53456E642BF5}.Debug|x64.Build.0 = Debug|Any CPU
		{46244BA6-2431-4CD9-9F94-53456E642BF5}.Debug|x86.ActiveCfg = Debug|Any CPU
		{46244BA6-2431-4CD9-9F94-53456E642BF5}.Debug|x86.Build.0 = Debug|Any CPU
		{46244BA6-2431-4CD9-9F94-53456E642BF5}.Release|Any CPU.ActiveCfg = Release|Any CPU
		{46244BA6-2431-4CD9-9F94-53456E642BF5}.Release|Any CPU.Build.0 = Release|Any CPU
		{46244BA6-2431-4CD9-9F94-53456E642BF5}.Release|ARM.ActiveCfg = Release|Any CPU
		{46244BA6-2431-4CD9-9F94-53456E642BF5}.Release|ARM.Build.0 = Release|Any CPU
		{46244BA6-2431-4CD9-9F94-53456E642BF5}.Release|ARM64.ActiveCfg = Release|Any CPU
		{46244BA6-2431-4CD9-9F94-53456E642BF5}.Release|ARM64.Build.0 = Release|Any CPU
		{46244BA6-2431-4CD9-9F94-53456E642BF5}.Release|x64.ActiveCfg = Release|Any CPU
		{46244BA6-2431-4CD9-9F94-53456E642BF5}.Release|x64.Build.0 = Release|Any CPU
		{46244BA6-2431-4CD9-9F94-53456E642BF5}.Release|x86.ActiveCfg = Release|Any CPU
		{46244BA6-2431-4CD9-9F94-53456E642BF5}.Release|x86.Build.0 = Release|Any CPU
		{3CA50315-9BCC-49BB-8FEE-19C0C356A337}.Debug|Any CPU.ActiveCfg = Debug|Any CPU
		{3CA50315-9BCC-49BB-8FEE-19C0C356A337}.Debug|Any CPU.Build.0 = Debug|Any CPU
		{3CA50315-9BCC-49BB-8FEE-19C0C356A337}.Debug|ARM.ActiveCfg = Debug|Any CPU
		{3CA50315-9BCC-49BB-8FEE-19C0C356A337}.Debug|ARM.Build.0 = Debug|Any CPU
		{3CA50315-9BCC-49BB-8FEE-19C0C356A337}.Debug|ARM64.ActiveCfg = Debug|Any CPU
		{3CA50315-9BCC-49BB-8FEE-19C0C356A337}.Debug|ARM64.Build.0 = Debug|Any CPU
		{3CA50315-9BCC-49BB-8FEE-19C0C356A337}.Debug|x64.ActiveCfg = Debug|Any CPU
		{3CA50315-9BCC-49BB-8FEE-19C0C356A337}.Debug|x64.Build.0 = Debug|Any CPU
		{3CA50315-9BCC-49BB-8FEE-19C0C356A337}.Debug|x86.ActiveCfg = Debug|Any CPU
		{3CA50315-9BCC-49BB-8FEE-19C0C356A337}.Debug|x86.Build.0 = Debug|Any CPU
		{3CA50315-9BCC-49BB-8FEE-19C0C356A337}.Release|Any CPU.ActiveCfg = Release|Any CPU
		{3CA50315-9BCC-49BB-8FEE-19C0C356A337}.Release|Any CPU.Build.0 = Release|Any CPU
		{3CA50315-9BCC-49BB-8FEE-19C0C356A337}.Release|ARM.ActiveCfg = Release|Any CPU
		{3CA50315-9BCC-49BB-8FEE-19C0C356A337}.Release|ARM.Build.0 = Release|Any CPU
		{3CA50315-9BCC-49BB-8FEE-19C0C356A337}.Release|ARM64.ActiveCfg = Release|Any CPU
		{3CA50315-9BCC-49BB-8FEE-19C0C356A337}.Release|ARM64.Build.0 = Release|Any CPU
		{3CA50315-9BCC-49BB-8FEE-19C0C356A337}.Release|x64.ActiveCfg = Release|Any CPU
		{3CA50315-9BCC-49BB-8FEE-19C0C356A337}.Release|x64.Build.0 = Release|Any CPU
		{3CA50315-9BCC-49BB-8FEE-19C0C356A337}.Release|x86.ActiveCfg = Release|Any CPU
		{3CA50315-9BCC-49BB-8FEE-19C0C356A337}.Release|x86.Build.0 = Release|Any CPU
		{07D3288C-B789-4EED-BF17-31CED0D318A7}.Debug|Any CPU.ActiveCfg = Debug|Any CPU
		{07D3288C-B789-4EED-BF17-31CED0D318A7}.Debug|Any CPU.Build.0 = Debug|Any CPU
		{07D3288C-B789-4EED-BF17-31CED0D318A7}.Debug|ARM.ActiveCfg = Debug|Any CPU
		{07D3288C-B789-4EED-BF17-31CED0D318A7}.Debug|ARM.Build.0 = Debug|Any CPU
		{07D3288C-B789-4EED-BF17-31CED0D318A7}.Debug|ARM64.ActiveCfg = Debug|Any CPU
		{07D3288C-B789-4EED-BF17-31CED0D318A7}.Debug|ARM64.Build.0 = Debug|Any CPU
		{07D3288C-B789-4EED-BF17-31CED0D318A7}.Debug|x64.ActiveCfg = Debug|Any CPU
		{07D3288C-B789-4EED-BF17-31CED0D318A7}.Debug|x64.Build.0 = Debug|Any CPU
		{07D3288C-B789-4EED-BF17-31CED0D318A7}.Debug|x86.ActiveCfg = Debug|Any CPU
		{07D3288C-B789-4EED-BF17-31CED0D318A7}.Debug|x86.Build.0 = Debug|Any CPU
		{07D3288C-B789-4EED-BF17-31CED0D318A7}.Release|Any CPU.ActiveCfg = Release|Any CPU
		{07D3288C-B789-4EED-BF17-31CED0D318A7}.Release|Any CPU.Build.0 = Release|Any CPU
		{07D3288C-B789-4EED-BF17-31CED0D318A7}.Release|ARM.ActiveCfg = Release|Any CPU
		{07D3288C-B789-4EED-BF17-31CED0D318A7}.Release|ARM.Build.0 = Release|Any CPU
		{07D3288C-B789-4EED-BF17-31CED0D318A7}.Release|ARM64.ActiveCfg = Release|Any CPU
		{07D3288C-B789-4EED-BF17-31CED0D318A7}.Release|ARM64.Build.0 = Release|Any CPU
		{07D3288C-B789-4EED-BF17-31CED0D318A7}.Release|x64.ActiveCfg = Release|Any CPU
		{07D3288C-B789-4EED-BF17-31CED0D318A7}.Release|x64.Build.0 = Release|Any CPU
		{07D3288C-B789-4EED-BF17-31CED0D318A7}.Release|x86.ActiveCfg = Release|Any CPU
		{07D3288C-B789-4EED-BF17-31CED0D318A7}.Release|x86.Build.0 = Release|Any CPU
		{B3B73AA1-B964-4B93-800F-8E13326C735B}.Debug|Any CPU.ActiveCfg = Debug|Any CPU
		{B3B73AA1-B964-4B93-800F-8E13326C735B}.Debug|Any CPU.Build.0 = Debug|Any CPU
		{B3B73AA1-B964-4B93-800F-8E13326C735B}.Debug|ARM.ActiveCfg = Debug|Any CPU
		{B3B73AA1-B964-4B93-800F-8E13326C735B}.Debug|ARM.Build.0 = Debug|Any CPU
		{B3B73AA1-B964-4B93-800F-8E13326C735B}.Debug|ARM64.ActiveCfg = Debug|Any CPU
		{B3B73AA1-B964-4B93-800F-8E13326C735B}.Debug|ARM64.Build.0 = Debug|Any CPU
		{B3B73AA1-B964-4B93-800F-8E13326C735B}.Debug|x64.ActiveCfg = Debug|Any CPU
		{B3B73AA1-B964-4B93-800F-8E13326C735B}.Debug|x64.Build.0 = Debug|Any CPU
		{B3B73AA1-B964-4B93-800F-8E13326C735B}.Debug|x86.ActiveCfg = Debug|Any CPU
		{B3B73AA1-B964-4B93-800F-8E13326C735B}.Debug|x86.Build.0 = Debug|Any CPU
		{B3B73AA1-B964-4B93-800F-8E13326C735B}.Release|Any CPU.ActiveCfg = Release|Any CPU
		{B3B73AA1-B964-4B93-800F-8E13326C735B}.Release|Any CPU.Build.0 = Release|Any CPU
		{B3B73AA1-B964-4B93-800F-8E13326C735B}.Release|ARM.ActiveCfg = Release|Any CPU
		{B3B73AA1-B964-4B93-800F-8E13326C735B}.Release|ARM.Build.0 = Release|Any CPU
		{B3B73AA1-B964-4B93-800F-8E13326C735B}.Release|ARM64.ActiveCfg = Release|Any CPU
		{B3B73AA1-B964-4B93-800F-8E13326C735B}.Release|ARM64.Build.0 = Release|Any CPU
		{B3B73AA1-B964-4B93-800F-8E13326C735B}.Release|x64.ActiveCfg = Release|Any CPU
		{B3B73AA1-B964-4B93-800F-8E13326C735B}.Release|x64.Build.0 = Release|Any CPU
		{B3B73AA1-B964-4B93-800F-8E13326C735B}.Release|x86.ActiveCfg = Release|Any CPU
		{B3B73AA1-B964-4B93-800F-8E13326C735B}.Release|x86.Build.0 = Release|Any CPU
		{CCB7A613-E834-4141-9215-EBD5BAB833C2}.Debug|Any CPU.ActiveCfg = Debug|Any CPU
		{CCB7A613-E834-4141-9215-EBD5BAB833C2}.Debug|Any CPU.Build.0 = Debug|Any CPU
		{CCB7A613-E834-4141-9215-EBD5BAB833C2}.Debug|ARM.ActiveCfg = Debug|Any CPU
		{CCB7A613-E834-4141-9215-EBD5BAB833C2}.Debug|ARM.Build.0 = Debug|Any CPU
		{CCB7A613-E834-4141-9215-EBD5BAB833C2}.Debug|ARM64.ActiveCfg = Debug|Any CPU
		{CCB7A613-E834-4141-9215-EBD5BAB833C2}.Debug|ARM64.Build.0 = Debug|Any CPU
		{CCB7A613-E834-4141-9215-EBD5BAB833C2}.Debug|x64.ActiveCfg = Debug|Any CPU
		{CCB7A613-E834-4141-9215-EBD5BAB833C2}.Debug|x64.Build.0 = Debug|Any CPU
		{CCB7A613-E834-4141-9215-EBD5BAB833C2}.Debug|x86.ActiveCfg = Debug|Any CPU
		{CCB7A613-E834-4141-9215-EBD5BAB833C2}.Debug|x86.Build.0 = Debug|Any CPU
		{CCB7A613-E834-4141-9215-EBD5BAB833C2}.Release|Any CPU.ActiveCfg = Release|Any CPU
		{CCB7A613-E834-4141-9215-EBD5BAB833C2}.Release|Any CPU.Build.0 = Release|Any CPU
		{CCB7A613-E834-4141-9215-EBD5BAB833C2}.Release|ARM.ActiveCfg = Release|Any CPU
		{CCB7A613-E834-4141-9215-EBD5BAB833C2}.Release|ARM.Build.0 = Release|Any CPU
		{CCB7A613-E834-4141-9215-EBD5BAB833C2}.Release|ARM64.ActiveCfg = Release|Any CPU
		{CCB7A613-E834-4141-9215-EBD5BAB833C2}.Release|ARM64.Build.0 = Release|Any CPU
		{CCB7A613-E834-4141-9215-EBD5BAB833C2}.Release|x64.ActiveCfg = Release|Any CPU
		{CCB7A613-E834-4141-9215-EBD5BAB833C2}.Release|x64.Build.0 = Release|Any CPU
		{CCB7A613-E834-4141-9215-EBD5BAB833C2}.Release|x86.ActiveCfg = Release|Any CPU
		{CCB7A613-E834-4141-9215-EBD5BAB833C2}.Release|x86.Build.0 = Release|Any CPU
		{C96B70FE-7D30-4068-9356-9E26542BF3A6}.Debug|Any CPU.ActiveCfg = Debug|Any CPU
		{C96B70FE-7D30-4068-9356-9E26542BF3A6}.Debug|Any CPU.Build.0 = Debug|Any CPU
		{C96B70FE-7D30-4068-9356-9E26542BF3A6}.Debug|ARM.ActiveCfg = Debug|Any CPU
		{C96B70FE-7D30-4068-9356-9E26542BF3A6}.Debug|ARM.Build.0 = Debug|Any CPU
		{C96B70FE-7D30-4068-9356-9E26542BF3A6}.Debug|ARM64.ActiveCfg = Debug|Any CPU
		{C96B70FE-7D30-4068-9356-9E26542BF3A6}.Debug|ARM64.Build.0 = Debug|Any CPU
		{C96B70FE-7D30-4068-9356-9E26542BF3A6}.Debug|x64.ActiveCfg = Debug|Any CPU
		{C96B70FE-7D30-4068-9356-9E26542BF3A6}.Debug|x64.Build.0 = Debug|Any CPU
		{C96B70FE-7D30-4068-9356-9E26542BF3A6}.Debug|x86.ActiveCfg = Debug|Any CPU
		{C96B70FE-7D30-4068-9356-9E26542BF3A6}.Debug|x86.Build.0 = Debug|Any CPU
		{C96B70FE-7D30-4068-9356-9E26542BF3A6}.Release|Any CPU.ActiveCfg = Release|Any CPU
		{C96B70FE-7D30-4068-9356-9E26542BF3A6}.Release|Any CPU.Build.0 = Release|Any CPU
		{C96B70FE-7D30-4068-9356-9E26542BF3A6}.Release|ARM.ActiveCfg = Release|Any CPU
		{C96B70FE-7D30-4068-9356-9E26542BF3A6}.Release|ARM.Build.0 = Release|Any CPU
		{C96B70FE-7D30-4068-9356-9E26542BF3A6}.Release|ARM64.ActiveCfg = Release|Any CPU
		{C96B70FE-7D30-4068-9356-9E26542BF3A6}.Release|ARM64.Build.0 = Release|Any CPU
		{C96B70FE-7D30-4068-9356-9E26542BF3A6}.Release|x64.ActiveCfg = Release|Any CPU
		{C96B70FE-7D30-4068-9356-9E26542BF3A6}.Release|x64.Build.0 = Release|Any CPU
		{C96B70FE-7D30-4068-9356-9E26542BF3A6}.Release|x86.ActiveCfg = Release|Any CPU
		{C96B70FE-7D30-4068-9356-9E26542BF3A6}.Release|x86.Build.0 = Release|Any CPU
		{8E597A34-5370-4721-A2BA-B9ADAB73A15A}.Debug|Any CPU.ActiveCfg = Debug|Any CPU
		{8E597A34-5370-4721-A2BA-B9ADAB73A15A}.Debug|Any CPU.Build.0 = Debug|Any CPU
		{8E597A34-5370-4721-A2BA-B9ADAB73A15A}.Debug|ARM.ActiveCfg = Debug|Any CPU
		{8E597A34-5370-4721-A2BA-B9ADAB73A15A}.Debug|ARM.Build.0 = Debug|Any CPU
		{8E597A34-5370-4721-A2BA-B9ADAB73A15A}.Debug|ARM64.ActiveCfg = Debug|Any CPU
		{8E597A34-5370-4721-A2BA-B9ADAB73A15A}.Debug|ARM64.Build.0 = Debug|Any CPU
		{8E597A34-5370-4721-A2BA-B9ADAB73A15A}.Debug|x64.ActiveCfg = Debug|Any CPU
		{8E597A34-5370-4721-A2BA-B9ADAB73A15A}.Debug|x64.Build.0 = Debug|Any CPU
		{8E597A34-5370-4721-A2BA-B9ADAB73A15A}.Debug|x86.ActiveCfg = Debug|Any CPU
		{8E597A34-5370-4721-A2BA-B9ADAB73A15A}.Debug|x86.Build.0 = Debug|Any CPU
		{8E597A34-5370-4721-A2BA-B9ADAB73A15A}.Release|Any CPU.ActiveCfg = Release|Any CPU
		{8E597A34-5370-4721-A2BA-B9ADAB73A15A}.Release|Any CPU.Build.0 = Release|Any CPU
		{8E597A34-5370-4721-A2BA-B9ADAB73A15A}.Release|ARM.ActiveCfg = Release|Any CPU
		{8E597A34-5370-4721-A2BA-B9ADAB73A15A}.Release|ARM.Build.0 = Release|Any CPU
		{8E597A34-5370-4721-A2BA-B9ADAB73A15A}.Release|ARM64.ActiveCfg = Release|Any CPU
		{8E597A34-5370-4721-A2BA-B9ADAB73A15A}.Release|ARM64.Build.0 = Release|Any CPU
		{8E597A34-5370-4721-A2BA-B9ADAB73A15A}.Release|x64.ActiveCfg = Release|Any CPU
		{8E597A34-5370-4721-A2BA-B9ADAB73A15A}.Release|x64.Build.0 = Release|Any CPU
		{8E597A34-5370-4721-A2BA-B9ADAB73A15A}.Release|x86.ActiveCfg = Release|Any CPU
		{8E597A34-5370-4721-A2BA-B9ADAB73A15A}.Release|x86.Build.0 = Release|Any CPU
		{C36C1767-107D-4FC3-A8D3-9827B02EC068}.Debug|Any CPU.ActiveCfg = Debug|Any CPU
		{C36C1767-107D-4FC3-A8D3-9827B02EC068}.Debug|Any CPU.Build.0 = Debug|Any CPU
		{C36C1767-107D-4FC3-A8D3-9827B02EC068}.Debug|ARM.ActiveCfg = Debug|Any CPU
		{C36C1767-107D-4FC3-A8D3-9827B02EC068}.Debug|ARM.Build.0 = Debug|Any CPU
		{C36C1767-107D-4FC3-A8D3-9827B02EC068}.Debug|ARM64.ActiveCfg = Debug|Any CPU
		{C36C1767-107D-4FC3-A8D3-9827B02EC068}.Debug|ARM64.Build.0 = Debug|Any CPU
		{C36C1767-107D-4FC3-A8D3-9827B02EC068}.Debug|x64.ActiveCfg = Debug|Any CPU
		{C36C1767-107D-4FC3-A8D3-9827B02EC068}.Debug|x64.Build.0 = Debug|Any CPU
		{C36C1767-107D-4FC3-A8D3-9827B02EC068}.Debug|x86.ActiveCfg = Debug|Any CPU
		{C36C1767-107D-4FC3-A8D3-9827B02EC068}.Debug|x86.Build.0 = Debug|Any CPU
		{C36C1767-107D-4FC3-A8D3-9827B02EC068}.Release|Any CPU.ActiveCfg = Release|Any CPU
		{C36C1767-107D-4FC3-A8D3-9827B02EC068}.Release|Any CPU.Build.0 = Release|Any CPU
		{C36C1767-107D-4FC3-A8D3-9827B02EC068}.Release|ARM.ActiveCfg = Release|Any CPU
		{C36C1767-107D-4FC3-A8D3-9827B02EC068}.Release|ARM.Build.0 = Release|Any CPU
		{C36C1767-107D-4FC3-A8D3-9827B02EC068}.Release|ARM64.ActiveCfg = Release|Any CPU
		{C36C1767-107D-4FC3-A8D3-9827B02EC068}.Release|ARM64.Build.0 = Release|Any CPU
		{C36C1767-107D-4FC3-A8D3-9827B02EC068}.Release|x64.ActiveCfg = Release|Any CPU
		{C36C1767-107D-4FC3-A8D3-9827B02EC068}.Release|x64.Build.0 = Release|Any CPU
		{C36C1767-107D-4FC3-A8D3-9827B02EC068}.Release|x86.ActiveCfg = Release|Any CPU
		{C36C1767-107D-4FC3-A8D3-9827B02EC068}.Release|x86.Build.0 = Release|Any CPU
		{033921F5-DC89-403E-9FEF-F9FA53029A5C}.Debug|Any CPU.ActiveCfg = Debug|Any CPU
		{033921F5-DC89-403E-9FEF-F9FA53029A5C}.Debug|Any CPU.Build.0 = Debug|Any CPU
		{033921F5-DC89-403E-9FEF-F9FA53029A5C}.Debug|ARM.ActiveCfg = Debug|Any CPU
		{033921F5-DC89-403E-9FEF-F9FA53029A5C}.Debug|ARM.Build.0 = Debug|Any CPU
		{033921F5-DC89-403E-9FEF-F9FA53029A5C}.Debug|ARM64.ActiveCfg = Debug|Any CPU
		{033921F5-DC89-403E-9FEF-F9FA53029A5C}.Debug|ARM64.Build.0 = Debug|Any CPU
		{033921F5-DC89-403E-9FEF-F9FA53029A5C}.Debug|x64.ActiveCfg = Debug|Any CPU
		{033921F5-DC89-403E-9FEF-F9FA53029A5C}.Debug|x64.Build.0 = Debug|Any CPU
		{033921F5-DC89-403E-9FEF-F9FA53029A5C}.Debug|x86.ActiveCfg = Debug|Any CPU
		{033921F5-DC89-403E-9FEF-F9FA53029A5C}.Debug|x86.Build.0 = Debug|Any CPU
		{033921F5-DC89-403E-9FEF-F9FA53029A5C}.Release|Any CPU.ActiveCfg = Release|Any CPU
		{033921F5-DC89-403E-9FEF-F9FA53029A5C}.Release|Any CPU.Build.0 = Release|Any CPU
		{033921F5-DC89-403E-9FEF-F9FA53029A5C}.Release|ARM.ActiveCfg = Release|Any CPU
		{033921F5-DC89-403E-9FEF-F9FA53029A5C}.Release|ARM.Build.0 = Release|Any CPU
		{033921F5-DC89-403E-9FEF-F9FA53029A5C}.Release|ARM64.ActiveCfg = Release|Any CPU
		{033921F5-DC89-403E-9FEF-F9FA53029A5C}.Release|ARM64.Build.0 = Release|Any CPU
		{033921F5-DC89-403E-9FEF-F9FA53029A5C}.Release|x64.ActiveCfg = Release|Any CPU
		{033921F5-DC89-403E-9FEF-F9FA53029A5C}.Release|x64.Build.0 = Release|Any CPU
		{033921F5-DC89-403E-9FEF-F9FA53029A5C}.Release|x86.ActiveCfg = Release|Any CPU
		{033921F5-DC89-403E-9FEF-F9FA53029A5C}.Release|x86.Build.0 = Release|Any CPU
		{BD3840B1-B321-411B-81A9-5D823331D8BE}.Debug|Any CPU.ActiveCfg = Debug|Any CPU
		{BD3840B1-B321-411B-81A9-5D823331D8BE}.Debug|Any CPU.Build.0 = Debug|Any CPU
		{BD3840B1-B321-411B-81A9-5D823331D8BE}.Debug|ARM.ActiveCfg = Debug|Any CPU
		{BD3840B1-B321-411B-81A9-5D823331D8BE}.Debug|ARM.Build.0 = Debug|Any CPU
		{BD3840B1-B321-411B-81A9-5D823331D8BE}.Debug|ARM64.ActiveCfg = Debug|Any CPU
		{BD3840B1-B321-411B-81A9-5D823331D8BE}.Debug|ARM64.Build.0 = Debug|Any CPU
		{BD3840B1-B321-411B-81A9-5D823331D8BE}.Debug|x64.ActiveCfg = Debug|Any CPU
		{BD3840B1-B321-411B-81A9-5D823331D8BE}.Debug|x64.Build.0 = Debug|Any CPU
		{BD3840B1-B321-411B-81A9-5D823331D8BE}.Debug|x86.ActiveCfg = Debug|Any CPU
		{BD3840B1-B321-411B-81A9-5D823331D8BE}.Debug|x86.Build.0 = Debug|Any CPU
		{BD3840B1-B321-411B-81A9-5D823331D8BE}.Release|Any CPU.ActiveCfg = Release|Any CPU
		{BD3840B1-B321-411B-81A9-5D823331D8BE}.Release|Any CPU.Build.0 = Release|Any CPU
		{BD3840B1-B321-411B-81A9-5D823331D8BE}.Release|ARM.ActiveCfg = Release|Any CPU
		{BD3840B1-B321-411B-81A9-5D823331D8BE}.Release|ARM.Build.0 = Release|Any CPU
		{BD3840B1-B321-411B-81A9-5D823331D8BE}.Release|ARM64.ActiveCfg = Release|Any CPU
		{BD3840B1-B321-411B-81A9-5D823331D8BE}.Release|ARM64.Build.0 = Release|Any CPU
		{BD3840B1-B321-411B-81A9-5D823331D8BE}.Release|x64.ActiveCfg = Release|Any CPU
		{BD3840B1-B321-411B-81A9-5D823331D8BE}.Release|x64.Build.0 = Release|Any CPU
		{BD3840B1-B321-411B-81A9-5D823331D8BE}.Release|x86.ActiveCfg = Release|Any CPU
		{BD3840B1-B321-411B-81A9-5D823331D8BE}.Release|x86.Build.0 = Release|Any CPU
		{4A1C11B8-0D58-4959-9539-0B3DC01894DE}.Debug|Any CPU.ActiveCfg = Debug|Any CPU
		{4A1C11B8-0D58-4959-9539-0B3DC01894DE}.Debug|Any CPU.Build.0 = Debug|Any CPU
		{4A1C11B8-0D58-4959-9539-0B3DC01894DE}.Debug|ARM.ActiveCfg = Debug|Any CPU
		{4A1C11B8-0D58-4959-9539-0B3DC01894DE}.Debug|ARM.Build.0 = Debug|Any CPU
		{4A1C11B8-0D58-4959-9539-0B3DC01894DE}.Debug|ARM64.ActiveCfg = Debug|Any CPU
		{4A1C11B8-0D58-4959-9539-0B3DC01894DE}.Debug|ARM64.Build.0 = Debug|Any CPU
		{4A1C11B8-0D58-4959-9539-0B3DC01894DE}.Debug|x64.ActiveCfg = Debug|Any CPU
		{4A1C11B8-0D58-4959-9539-0B3DC01894DE}.Debug|x64.Build.0 = Debug|Any CPU
		{4A1C11B8-0D58-4959-9539-0B3DC01894DE}.Debug|x86.ActiveCfg = Debug|Any CPU
		{4A1C11B8-0D58-4959-9539-0B3DC01894DE}.Debug|x86.Build.0 = Debug|Any CPU
		{4A1C11B8-0D58-4959-9539-0B3DC01894DE}.Release|Any CPU.ActiveCfg = Release|Any CPU
		{4A1C11B8-0D58-4959-9539-0B3DC01894DE}.Release|Any CPU.Build.0 = Release|Any CPU
		{4A1C11B8-0D58-4959-9539-0B3DC01894DE}.Release|ARM.ActiveCfg = Release|Any CPU
		{4A1C11B8-0D58-4959-9539-0B3DC01894DE}.Release|ARM.Build.0 = Release|Any CPU
		{4A1C11B8-0D58-4959-9539-0B3DC01894DE}.Release|ARM64.ActiveCfg = Release|Any CPU
		{4A1C11B8-0D58-4959-9539-0B3DC01894DE}.Release|ARM64.Build.0 = Release|Any CPU
		{4A1C11B8-0D58-4959-9539-0B3DC01894DE}.Release|x64.ActiveCfg = Release|Any CPU
		{4A1C11B8-0D58-4959-9539-0B3DC01894DE}.Release|x64.Build.0 = Release|Any CPU
		{4A1C11B8-0D58-4959-9539-0B3DC01894DE}.Release|x86.ActiveCfg = Release|Any CPU
		{4A1C11B8-0D58-4959-9539-0B3DC01894DE}.Release|x86.Build.0 = Release|Any CPU
		{B9246EF3-ABD4-4843-9512-D30A1A1395CC}.Debug|Any CPU.ActiveCfg = Debug|Any CPU
		{B9246EF3-ABD4-4843-9512-D30A1A1395CC}.Debug|Any CPU.Build.0 = Debug|Any CPU
		{B9246EF3-ABD4-4843-9512-D30A1A1395CC}.Debug|ARM.ActiveCfg = Debug|Any CPU
		{B9246EF3-ABD4-4843-9512-D30A1A1395CC}.Debug|ARM.Build.0 = Debug|Any CPU
		{B9246EF3-ABD4-4843-9512-D30A1A1395CC}.Debug|ARM64.ActiveCfg = Debug|Any CPU
		{B9246EF3-ABD4-4843-9512-D30A1A1395CC}.Debug|ARM64.Build.0 = Debug|Any CPU
		{B9246EF3-ABD4-4843-9512-D30A1A1395CC}.Debug|x64.ActiveCfg = Debug|Any CPU
		{B9246EF3-ABD4-4843-9512-D30A1A1395CC}.Debug|x64.Build.0 = Debug|Any CPU
		{B9246EF3-ABD4-4843-9512-D30A1A1395CC}.Debug|x86.ActiveCfg = Debug|Any CPU
		{B9246EF3-ABD4-4843-9512-D30A1A1395CC}.Debug|x86.Build.0 = Debug|Any CPU
		{B9246EF3-ABD4-4843-9512-D30A1A1395CC}.Release|Any CPU.ActiveCfg = Release|Any CPU
		{B9246EF3-ABD4-4843-9512-D30A1A1395CC}.Release|Any CPU.Build.0 = Release|Any CPU
		{B9246EF3-ABD4-4843-9512-D30A1A1395CC}.Release|ARM.ActiveCfg = Release|Any CPU
		{B9246EF3-ABD4-4843-9512-D30A1A1395CC}.Release|ARM.Build.0 = Release|Any CPU
		{B9246EF3-ABD4-4843-9512-D30A1A1395CC}.Release|ARM64.ActiveCfg = Release|Any CPU
		{B9246EF3-ABD4-4843-9512-D30A1A1395CC}.Release|ARM64.Build.0 = Release|Any CPU
		{B9246EF3-ABD4-4843-9512-D30A1A1395CC}.Release|x64.ActiveCfg = Release|Any CPU
		{B9246EF3-ABD4-4843-9512-D30A1A1395CC}.Release|x64.Build.0 = Release|Any CPU
		{B9246EF3-ABD4-4843-9512-D30A1A1395CC}.Release|x86.ActiveCfg = Release|Any CPU
		{B9246EF3-ABD4-4843-9512-D30A1A1395CC}.Release|x86.Build.0 = Release|Any CPU
		{95F8492A-8829-436D-AE1F-A36D67B0F7D0}.Debug|Any CPU.ActiveCfg = Debug|Any CPU
		{95F8492A-8829-436D-AE1F-A36D67B0F7D0}.Debug|Any CPU.Build.0 = Debug|Any CPU
		{95F8492A-8829-436D-AE1F-A36D67B0F7D0}.Debug|ARM.ActiveCfg = Debug|Any CPU
		{95F8492A-8829-436D-AE1F-A36D67B0F7D0}.Debug|ARM.Build.0 = Debug|Any CPU
		{95F8492A-8829-436D-AE1F-A36D67B0F7D0}.Debug|ARM64.ActiveCfg = Debug|Any CPU
		{95F8492A-8829-436D-AE1F-A36D67B0F7D0}.Debug|ARM64.Build.0 = Debug|Any CPU
		{95F8492A-8829-436D-AE1F-A36D67B0F7D0}.Debug|x64.ActiveCfg = Debug|Any CPU
		{95F8492A-8829-436D-AE1F-A36D67B0F7D0}.Debug|x64.Build.0 = Debug|Any CPU
		{95F8492A-8829-436D-AE1F-A36D67B0F7D0}.Debug|x86.ActiveCfg = Debug|Any CPU
		{95F8492A-8829-436D-AE1F-A36D67B0F7D0}.Debug|x86.Build.0 = Debug|Any CPU
		{95F8492A-8829-436D-AE1F-A36D67B0F7D0}.Release|Any CPU.ActiveCfg = Release|Any CPU
		{95F8492A-8829-436D-AE1F-A36D67B0F7D0}.Release|Any CPU.Build.0 = Release|Any CPU
		{95F8492A-8829-436D-AE1F-A36D67B0F7D0}.Release|ARM.ActiveCfg = Release|Any CPU
		{95F8492A-8829-436D-AE1F-A36D67B0F7D0}.Release|ARM.Build.0 = Release|Any CPU
		{95F8492A-8829-436D-AE1F-A36D67B0F7D0}.Release|ARM64.ActiveCfg = Release|Any CPU
		{95F8492A-8829-436D-AE1F-A36D67B0F7D0}.Release|ARM64.Build.0 = Release|Any CPU
		{95F8492A-8829-436D-AE1F-A36D67B0F7D0}.Release|x64.ActiveCfg = Release|Any CPU
		{95F8492A-8829-436D-AE1F-A36D67B0F7D0}.Release|x64.Build.0 = Release|Any CPU
		{95F8492A-8829-436D-AE1F-A36D67B0F7D0}.Release|x86.ActiveCfg = Release|Any CPU
		{95F8492A-8829-436D-AE1F-A36D67B0F7D0}.Release|x86.Build.0 = Release|Any CPU
		{453C8A5E-0463-43DC-90C2-DD2FFE5D8188}.Debug|Any CPU.ActiveCfg = Debug|Any CPU
		{453C8A5E-0463-43DC-90C2-DD2FFE5D8188}.Debug|Any CPU.Build.0 = Debug|Any CPU
		{453C8A5E-0463-43DC-90C2-DD2FFE5D8188}.Debug|ARM.ActiveCfg = Debug|Any CPU
		{453C8A5E-0463-43DC-90C2-DD2FFE5D8188}.Debug|ARM.Build.0 = Debug|Any CPU
		{453C8A5E-0463-43DC-90C2-DD2FFE5D8188}.Debug|ARM64.ActiveCfg = Debug|Any CPU
		{453C8A5E-0463-43DC-90C2-DD2FFE5D8188}.Debug|ARM64.Build.0 = Debug|Any CPU
		{453C8A5E-0463-43DC-90C2-DD2FFE5D8188}.Debug|x64.ActiveCfg = Debug|Any CPU
		{453C8A5E-0463-43DC-90C2-DD2FFE5D8188}.Debug|x64.Build.0 = Debug|Any CPU
		{453C8A5E-0463-43DC-90C2-DD2FFE5D8188}.Debug|x86.ActiveCfg = Debug|Any CPU
		{453C8A5E-0463-43DC-90C2-DD2FFE5D8188}.Debug|x86.Build.0 = Debug|Any CPU
		{453C8A5E-0463-43DC-90C2-DD2FFE5D8188}.Release|Any CPU.ActiveCfg = Release|Any CPU
		{453C8A5E-0463-43DC-90C2-DD2FFE5D8188}.Release|Any CPU.Build.0 = Release|Any CPU
		{453C8A5E-0463-43DC-90C2-DD2FFE5D8188}.Release|ARM.ActiveCfg = Release|Any CPU
		{453C8A5E-0463-43DC-90C2-DD2FFE5D8188}.Release|ARM.Build.0 = Release|Any CPU
		{453C8A5E-0463-43DC-90C2-DD2FFE5D8188}.Release|ARM64.ActiveCfg = Release|Any CPU
		{453C8A5E-0463-43DC-90C2-DD2FFE5D8188}.Release|ARM64.Build.0 = Release|Any CPU
		{453C8A5E-0463-43DC-90C2-DD2FFE5D8188}.Release|x64.ActiveCfg = Release|Any CPU
		{453C8A5E-0463-43DC-90C2-DD2FFE5D8188}.Release|x64.Build.0 = Release|Any CPU
		{453C8A5E-0463-43DC-90C2-DD2FFE5D8188}.Release|x86.ActiveCfg = Release|Any CPU
		{453C8A5E-0463-43DC-90C2-DD2FFE5D8188}.Release|x86.Build.0 = Release|Any CPU
		{053206F7-FDBA-4305-80D8-59C2A61430D5}.Debug|Any CPU.ActiveCfg = Debug|Any CPU
		{053206F7-FDBA-4305-80D8-59C2A61430D5}.Debug|Any CPU.Build.0 = Debug|Any CPU
		{053206F7-FDBA-4305-80D8-59C2A61430D5}.Debug|ARM.ActiveCfg = Debug|Any CPU
		{053206F7-FDBA-4305-80D8-59C2A61430D5}.Debug|ARM.Build.0 = Debug|Any CPU
		{053206F7-FDBA-4305-80D8-59C2A61430D5}.Debug|ARM64.ActiveCfg = Debug|Any CPU
		{053206F7-FDBA-4305-80D8-59C2A61430D5}.Debug|ARM64.Build.0 = Debug|Any CPU
		{053206F7-FDBA-4305-80D8-59C2A61430D5}.Debug|x64.ActiveCfg = Debug|Any CPU
		{053206F7-FDBA-4305-80D8-59C2A61430D5}.Debug|x64.Build.0 = Debug|Any CPU
		{053206F7-FDBA-4305-80D8-59C2A61430D5}.Debug|x86.ActiveCfg = Debug|Any CPU
		{053206F7-FDBA-4305-80D8-59C2A61430D5}.Debug|x86.Build.0 = Debug|Any CPU
		{053206F7-FDBA-4305-80D8-59C2A61430D5}.Release|Any CPU.ActiveCfg = Release|Any CPU
		{053206F7-FDBA-4305-80D8-59C2A61430D5}.Release|Any CPU.Build.0 = Release|Any CPU
		{053206F7-FDBA-4305-80D8-59C2A61430D5}.Release|ARM.ActiveCfg = Release|Any CPU
		{053206F7-FDBA-4305-80D8-59C2A61430D5}.Release|ARM.Build.0 = Release|Any CPU
		{053206F7-FDBA-4305-80D8-59C2A61430D5}.Release|ARM64.ActiveCfg = Release|Any CPU
		{053206F7-FDBA-4305-80D8-59C2A61430D5}.Release|ARM64.Build.0 = Release|Any CPU
		{053206F7-FDBA-4305-80D8-59C2A61430D5}.Release|x64.ActiveCfg = Release|Any CPU
		{053206F7-FDBA-4305-80D8-59C2A61430D5}.Release|x64.Build.0 = Release|Any CPU
		{053206F7-FDBA-4305-80D8-59C2A61430D5}.Release|x86.ActiveCfg = Release|Any CPU
		{053206F7-FDBA-4305-80D8-59C2A61430D5}.Release|x86.Build.0 = Release|Any CPU
		{9EB5311C-97DA-4A8F-8BA2-EE1033D2744F}.Debug|Any CPU.ActiveCfg = Debug|Any CPU
		{9EB5311C-97DA-4A8F-8BA2-EE1033D2744F}.Debug|Any CPU.Build.0 = Debug|Any CPU
		{9EB5311C-97DA-4A8F-8BA2-EE1033D2744F}.Debug|ARM.ActiveCfg = Debug|Any CPU
		{9EB5311C-97DA-4A8F-8BA2-EE1033D2744F}.Debug|ARM.Build.0 = Debug|Any CPU
		{9EB5311C-97DA-4A8F-8BA2-EE1033D2744F}.Debug|ARM64.ActiveCfg = Debug|Any CPU
		{9EB5311C-97DA-4A8F-8BA2-EE1033D2744F}.Debug|ARM64.Build.0 = Debug|Any CPU
		{9EB5311C-97DA-4A8F-8BA2-EE1033D2744F}.Debug|x64.ActiveCfg = Debug|Any CPU
		{9EB5311C-97DA-4A8F-8BA2-EE1033D2744F}.Debug|x64.Build.0 = Debug|Any CPU
		{9EB5311C-97DA-4A8F-8BA2-EE1033D2744F}.Debug|x86.ActiveCfg = Debug|Any CPU
		{9EB5311C-97DA-4A8F-8BA2-EE1033D2744F}.Debug|x86.Build.0 = Debug|Any CPU
		{9EB5311C-97DA-4A8F-8BA2-EE1033D2744F}.Release|Any CPU.ActiveCfg = Release|Any CPU
		{9EB5311C-97DA-4A8F-8BA2-EE1033D2744F}.Release|Any CPU.Build.0 = Release|Any CPU
		{9EB5311C-97DA-4A8F-8BA2-EE1033D2744F}.Release|ARM.ActiveCfg = Release|Any CPU
		{9EB5311C-97DA-4A8F-8BA2-EE1033D2744F}.Release|ARM.Build.0 = Release|Any CPU
		{9EB5311C-97DA-4A8F-8BA2-EE1033D2744F}.Release|ARM64.ActiveCfg = Release|Any CPU
		{9EB5311C-97DA-4A8F-8BA2-EE1033D2744F}.Release|ARM64.Build.0 = Release|Any CPU
		{9EB5311C-97DA-4A8F-8BA2-EE1033D2744F}.Release|x64.ActiveCfg = Release|Any CPU
		{9EB5311C-97DA-4A8F-8BA2-EE1033D2744F}.Release|x64.Build.0 = Release|Any CPU
		{9EB5311C-97DA-4A8F-8BA2-EE1033D2744F}.Release|x86.ActiveCfg = Release|Any CPU
		{9EB5311C-97DA-4A8F-8BA2-EE1033D2744F}.Release|x86.Build.0 = Release|Any CPU
		{5255719A-30CD-4896-9B11-C3F25AF3248C}.Debug|Any CPU.ActiveCfg = Debug|Any CPU
		{5255719A-30CD-4896-9B11-C3F25AF3248C}.Debug|Any CPU.Build.0 = Debug|Any CPU
		{5255719A-30CD-4896-9B11-C3F25AF3248C}.Debug|ARM.ActiveCfg = Debug|Any CPU
		{5255719A-30CD-4896-9B11-C3F25AF3248C}.Debug|ARM.Build.0 = Debug|Any CPU
		{5255719A-30CD-4896-9B11-C3F25AF3248C}.Debug|ARM64.ActiveCfg = Debug|Any CPU
		{5255719A-30CD-4896-9B11-C3F25AF3248C}.Debug|ARM64.Build.0 = Debug|Any CPU
		{5255719A-30CD-4896-9B11-C3F25AF3248C}.Debug|x64.ActiveCfg = Debug|Any CPU
		{5255719A-30CD-4896-9B11-C3F25AF3248C}.Debug|x64.Build.0 = Debug|Any CPU
		{5255719A-30CD-4896-9B11-C3F25AF3248C}.Debug|x86.ActiveCfg = Debug|Any CPU
		{5255719A-30CD-4896-9B11-C3F25AF3248C}.Debug|x86.Build.0 = Debug|Any CPU
		{5255719A-30CD-4896-9B11-C3F25AF3248C}.Release|Any CPU.ActiveCfg = Release|Any CPU
		{5255719A-30CD-4896-9B11-C3F25AF3248C}.Release|Any CPU.Build.0 = Release|Any CPU
		{5255719A-30CD-4896-9B11-C3F25AF3248C}.Release|ARM.ActiveCfg = Release|Any CPU
		{5255719A-30CD-4896-9B11-C3F25AF3248C}.Release|ARM.Build.0 = Release|Any CPU
		{5255719A-30CD-4896-9B11-C3F25AF3248C}.Release|ARM64.ActiveCfg = Release|Any CPU
		{5255719A-30CD-4896-9B11-C3F25AF3248C}.Release|ARM64.Build.0 = Release|Any CPU
		{5255719A-30CD-4896-9B11-C3F25AF3248C}.Release|x64.ActiveCfg = Release|Any CPU
		{5255719A-30CD-4896-9B11-C3F25AF3248C}.Release|x64.Build.0 = Release|Any CPU
		{5255719A-30CD-4896-9B11-C3F25AF3248C}.Release|x86.ActiveCfg = Release|Any CPU
		{5255719A-30CD-4896-9B11-C3F25AF3248C}.Release|x86.Build.0 = Release|Any CPU
		{0F6562DF-FD9B-4253-A5C0-4855BF7EDA78}.Debug|Any CPU.ActiveCfg = Debug
		{0F6562DF-FD9B-4253-A5C0-4855BF7EDA78}.Debug|ARM.ActiveCfg = Debug
		{0F6562DF-FD9B-4253-A5C0-4855BF7EDA78}.Debug|ARM64.ActiveCfg = Debug
		{0F6562DF-FD9B-4253-A5C0-4855BF7EDA78}.Debug|x64.ActiveCfg = Debug
		{0F6562DF-FD9B-4253-A5C0-4855BF7EDA78}.Debug|x86.ActiveCfg = Debug
		{0F6562DF-FD9B-4253-A5C0-4855BF7EDA78}.Release|Any CPU.ActiveCfg = Release
		{0F6562DF-FD9B-4253-A5C0-4855BF7EDA78}.Release|ARM.ActiveCfg = Release
		{0F6562DF-FD9B-4253-A5C0-4855BF7EDA78}.Release|ARM64.ActiveCfg = Release
		{0F6562DF-FD9B-4253-A5C0-4855BF7EDA78}.Release|x64.ActiveCfg = Release
		{0F6562DF-FD9B-4253-A5C0-4855BF7EDA78}.Release|x86.ActiveCfg = Release
		{47BF40D8-9235-49C4-8549-D58831E1AE78}.Debug|Any CPU.ActiveCfg = Debug|Any CPU
		{47BF40D8-9235-49C4-8549-D58831E1AE78}.Debug|Any CPU.Build.0 = Debug|Any CPU
		{47BF40D8-9235-49C4-8549-D58831E1AE78}.Debug|ARM.ActiveCfg = Debug|Any CPU
		{47BF40D8-9235-49C4-8549-D58831E1AE78}.Debug|ARM.Build.0 = Debug|Any CPU
		{47BF40D8-9235-49C4-8549-D58831E1AE78}.Debug|ARM64.ActiveCfg = Debug|Any CPU
		{47BF40D8-9235-49C4-8549-D58831E1AE78}.Debug|ARM64.Build.0 = Debug|Any CPU
		{47BF40D8-9235-49C4-8549-D58831E1AE78}.Debug|x64.ActiveCfg = Debug|Any CPU
		{47BF40D8-9235-49C4-8549-D58831E1AE78}.Debug|x64.Build.0 = Debug|Any CPU
		{47BF40D8-9235-49C4-8549-D58831E1AE78}.Debug|x86.ActiveCfg = Debug|Any CPU
		{47BF40D8-9235-49C4-8549-D58831E1AE78}.Debug|x86.Build.0 = Debug|Any CPU
		{47BF40D8-9235-49C4-8549-D58831E1AE78}.Release|Any CPU.ActiveCfg = Release|Any CPU
		{47BF40D8-9235-49C4-8549-D58831E1AE78}.Release|Any CPU.Build.0 = Release|Any CPU
		{47BF40D8-9235-49C4-8549-D58831E1AE78}.Release|ARM.ActiveCfg = Release|Any CPU
		{47BF40D8-9235-49C4-8549-D58831E1AE78}.Release|ARM.Build.0 = Release|Any CPU
		{47BF40D8-9235-49C4-8549-D58831E1AE78}.Release|ARM64.ActiveCfg = Release|Any CPU
		{47BF40D8-9235-49C4-8549-D58831E1AE78}.Release|ARM64.Build.0 = Release|Any CPU
		{47BF40D8-9235-49C4-8549-D58831E1AE78}.Release|x64.ActiveCfg = Release|Any CPU
		{47BF40D8-9235-49C4-8549-D58831E1AE78}.Release|x64.Build.0 = Release|Any CPU
		{47BF40D8-9235-49C4-8549-D58831E1AE78}.Release|x86.ActiveCfg = Release|Any CPU
		{47BF40D8-9235-49C4-8549-D58831E1AE78}.Release|x86.Build.0 = Release|Any CPU
	EndGlobalSection
	GlobalSection(SolutionProperties) = preSolution
		HideSolutionNode = FALSE
	EndGlobalSection
	GlobalSection(NestedProjects) = preSolution
		{8322AC5A-3318-468A-BCE3-984B0CAE0981} = {B768305B-C2AD-4D9F-BCF9-C5E4142A0347}
		{46244BA6-2431-4CD9-9F94-53456E642BF5} = {0DAE0BBE-62A0-4901-8B23-6BF638E8E362}
		{3CA50315-9BCC-49BB-8FEE-19C0C356A337} = {B768305B-C2AD-4D9F-BCF9-C5E4142A0347}
		{07D3288C-B789-4EED-BF17-31CED0D318A7} = {45765DCF-8272-46B6-9C37-4E0AAA05F019}
		{B3B73AA1-B964-4B93-800F-8E13326C735B} = {1356FA0F-BE79-42B0-B362-2EC945857BB4}
		{CCB7A613-E834-4141-9215-EBD5BAB833C2} = {B768305B-C2AD-4D9F-BCF9-C5E4142A0347}
		{C96B70FE-7D30-4068-9356-9E26542BF3A6} = {379E7163-8CFA-435F-AC54-E293FB9A5C51}
		{8E597A34-5370-4721-A2BA-B9ADAB73A15A} = {E701AA9A-1468-401F-B00A-62D6D38EB521}
		{C36C1767-107D-4FC3-A8D3-9827B02EC068} = {3C22F256-08A6-4B7C-A59B-AD342B30B198}
		{033921F5-DC89-403E-9FEF-F9FA53029A5C} = {3C22F256-08A6-4B7C-A59B-AD342B30B198}
		{BD3840B1-B321-411B-81A9-5D823331D8BE} = {E701AA9A-1468-401F-B00A-62D6D38EB521}
		{4A1C11B8-0D58-4959-9539-0B3DC01894DE} = {45765DCF-8272-46B6-9C37-4E0AAA05F019}
		{B9246EF3-ABD4-4843-9512-D30A1A1395CC} = {1356FA0F-BE79-42B0-B362-2EC945857BB4}
		{95F8492A-8829-436D-AE1F-A36D67B0F7D0} = {1356FA0F-BE79-42B0-B362-2EC945857BB4}
		{453C8A5E-0463-43DC-90C2-DD2FFE5D8188} = {7784BF84-14A4-4803-A0EA-E13096CCA096}
		{053206F7-FDBA-4305-80D8-59C2A61430D5} = {45765DCF-8272-46B6-9C37-4E0AAA05F019}
		{9EB5311C-97DA-4A8F-8BA2-EE1033D2744F} = {6960E7C5-B170-4255-9590-A51B9B48E479}
		{5255719A-30CD-4896-9B11-C3F25AF3248C} = {6960E7C5-B170-4255-9590-A51B9B48E479}
		{0F6562DF-FD9B-4253-A5C0-4855BF7EDA78} = {35603C3F-F1AF-407F-9A88-5ECD65AE82D3}
		{47BF40D8-9235-49C4-8549-D58831E1AE78} = {35603C3F-F1AF-407F-9A88-5ECD65AE82D3}
	EndGlobalSection
	GlobalSection(ExtensibilityGlobals) = postSolution
		SolutionGuid = {82AE175E-9621-4FA9-AABE-D94C6BF81281}
	EndGlobalSection
EndGlobal
